
Microsoft Visual Studio Solution File, Format Version 12.00
# Visual Studio Version 16
VisualStudioVersion = 16.0.30503.244
MinimumVisualStudioVersion = 10.0.40219.1
Project("{FAE04EC0-301F-11D3-BF4B-00C04F79EFBC}") = "I really don't know what is it", "I really don't know what is it.csproj", "{BB6D7A32-E236-42A7-9A10-D292E395753F}"
EndProject
Global
	GlobalSection(SolutionConfigurationPlatforms) = preSolution
		Debug|Any CPU = Debug|Any CPU
		Release|Any CPU = Release|Any CPU
	EndGlobalSection
	GlobalSection(ProjectConfigurationPlatforms) = postSolution
		{BB6D7A32-E236-42A7-9A10-D292E395753F}.Debug|Any CPU.ActiveCfg = Debug|Any CPU
		{BB6D7A32-E236-42A7-9A10-D292E395753F}.Debug|Any CPU.Build.0 = Debug|Any CPU
		{BB6D7A32-E236-42A7-9A10-D292E395753F}.Release|Any CPU.ActiveCfg = Release|Any CPU
		{BB6D7A32-E236-42A7-9A10-D292E395753F}.Release|Any CPU.Build.0 = Release|Any CPU
	EndGlobalSection
	GlobalSection(SolutionProperties) = preSolution
		HideSolutionNode = FALSE
	EndGlobalSection
	GlobalSection(ExtensibilityGlobals) = postSolution
		SolutionGuid = {A23FE870-08AD-46E8-A5B3-71E59DC67A00}
	EndGlobalSection
EndGlobal
